
Microsoft Visual Studio Solution File, Format Version 12.00
# Visual Studio 15
VisualStudioVersion = 15.0.27004.2002
MinimumVisualStudioVersion = 10.0.40219.1
Project("{FAE04EC0-301F-11D3-BF4B-00C04F79EFBC}") = "MY_NOTES", "MY_NOTES\MY_NOTES.csproj", "{2B0D98DA-FC90-4008-B72D-D5582980B35D}"
EndProject
Global
	GlobalSection(SolutionConfigurationPlatforms) = preSolution
		Debug|Any CPU = Debug|Any CPU
		Release|Any CPU = Release|Any CPU
	EndGlobalSection
	GlobalSection(ProjectConfigurationPlatforms) = postSolution
		{2B0D98DA-FC90-4008-B72D-D5582980B35D}.Debug|Any CPU.ActiveCfg = Debug|Any CPU
		{2B0D98DA-FC90-4008-B72D-D5582980B35D}.Debug|Any CPU.Build.0 = Debug|Any CPU
		{2B0D98DA-FC90-4008-B72D-D5582980B35D}.Release|Any CPU.ActiveCfg = Release|Any CPU
		{2B0D98DA-FC90-4008-B72D-D5582980B35D}.Release|Any CPU.Build.0 = Release|Any CPU
	EndGlobalSection
	GlobalSection(SolutionProperties) = preSolution
		HideSolutionNode = FALSE
	EndGlobalSection
	GlobalSection(ExtensibilityGlobals) = postSolution
		SolutionGuid = {61AA29ED-285B-47EB-B577-E459A012F267}
	EndGlobalSection
EndGlobal
